
Microsoft Visual Studio Solution File, Format Version 12.00
# Visual Studio Version 17
VisualStudioVersion = 17.8.34525.116
MinimumVisualStudioVersion = 10.0.40219.1
Project("{FAE04EC0-301F-11D3-BF4B-00C04F79EFBC}") = "FootbalTeam", "FootbalTeam.csproj", "{C278AEFD-5A6A-480D-99E6-D0679A9A5E17}"
EndProject
Global
	GlobalSection(SolutionConfigurationPlatforms) = preSolution
		Debug|Any CPU = Debug|Any CPU
		Release|Any CPU = Release|Any CPU
	EndGlobalSection
	GlobalSection(ProjectConfigurationPlatforms) = postSolution
		{C278AEFD-5A6A-480D-99E6-D0679A9A5E17}.Debug|Any CPU.ActiveCfg = Debug|Any CPU
		{C278AEFD-5A6A-480D-99E6-D0679A9A5E17}.Debug|Any CPU.Build.0 = Debug|Any CPU
		{C278AEFD-5A6A-480D-99E6-D0679A9A5E17}.Release|Any CPU.ActiveCfg = Release|Any CPU
		{C278AEFD-5A6A-480D-99E6-D0679A9A5E17}.Release|Any CPU.Build.0 = Release|Any CPU
	EndGlobalSection
	GlobalSection(SolutionProperties) = preSolution
		HideSolutionNode = FALSE
	EndGlobalSection
	GlobalSection(ExtensibilityGlobals) = postSolution
		SolutionGuid = {7C0EB9D5-F804-4736-8F71-4EC95B252F7E}
	EndGlobalSection
EndGlobal
